// !$*UTF8*$!
{
	archiveVersion = 1;
	classes = {
	};
	objectVersion = 77;
	objects = {

/* Begin PBXBuildFile section */
		100000000000000000000001 /* CheeTAApp.swift in Sources */ = {isa = PBXBuildFile; fileRef = 200000000000000000000001 /* CheeTAApp.swift */; };
		100000000000000000000002 /* ContentView.swift in Sources */ = {isa = PBXBuildFile; fileRef = 200000000000000000000002 /* ContentView.swift */; };
		100000000000000000000003 /* ChessTypes.swift in Sources */ = {isa = PBXBuildFile; fileRef = 200000000000000000000003 /* ChessTypes.swift */; };
		100000000000000000000004 /* ChessGame.swift in Sources */ = {isa = PBXBuildFile; fileRef = 200000000000000000000004 /* ChessGame.swift */; };
		100000000000000000000005 /* Assets.xcassets in Resources */ = {isa = PBXBuildFile; fileRef = 200000000000000000000005 /* Assets.xcassets */; };
		100000000000000000000006 /* ChessGameTests.swift in Sources */ = {isa = PBXBuildFile; fileRef = 200000000000000000000006 /* ChessGameTests.swift */; };
		100000000000000000000007 /* XCTest.framework in Frameworks */ = {isa = PBXBuildFile; fileRef = 200000000000000000000009 /* XCTest.framework */; };
		100000000000000000000008 /* RealityChessBoardView.swift in Sources */ = {isa = PBXBuildFile; fileRef = 200000000000000000000010 /* RealityChessBoardView.swift */; };
		100000000000000000000009 /* CheckCutSceneView.swift in Sources */ = {isa = PBXBuildFile; fileRef = 200000000000000000000011 /* CheckCutSceneView.swift */; };
		100000000000000000000010 /* FirstCaptureCutSceneView.swift in Sources */ = {isa = PBXBuildFile; fileRef = 200000000000000000000012 /* FirstCaptureCutSceneView.swift */; };
		100000000000000000000011 /* ReplayControls.swift in Sources */ = {isa = PBXBuildFile; fileRef = 200000000000000000000013 /* ReplayControls.swift */; };
		100000000000000000000012 /* CutSceneStyle.swift in Sources */ = {isa = PBXBuildFile; fileRef = 200000000000000000000014 /* CutSceneStyle.swift */; };
		100000000000000000000013 /* QueenDownCutSceneView.swift in Sources */ = {isa = PBXBuildFile; fileRef = 200000000000000000000015 /* QueenDownCutSceneView.swift */; };
		100000000000000000000014 /* CutSceneReel.swift in Sources */ = {isa = PBXBuildFile; fileRef = 200000000000000000000016 /* CutSceneReel.swift */; };
		100000000000000000000015 /* EnPassantCutSceneViews.swift in Sources */ = {isa = PBXBuildFile; fileRef = 200000000000000000000017 /* EnPassantCutSceneViews.swift */; };
		100000000000000000000016 /* GameLibrary.swift in Sources */ = {isa = PBXBuildFile; fileRef = 200000000000000000000018 /* GameLibrary.swift */; };
		100000000000000000000017 /* GameBrowserView.swift in Sources */ = {isa = PBXBuildFile; fileRef = 200000000000000000000019 /* GameBrowserView.swift */; };
		100000000000000000000018 /* PieceGalleryView.swift in Sources */ = {isa = PBXBuildFile; fileRef = 200000000000000000000020 /* PieceGalleryView.swift */; };
		100000000000000000000019 /* ChessPieceMeshes.swift in Sources */ = {isa = PBXBuildFile; fileRef = 200000000000000000000021 /* ChessPieceMeshes.swift */; };
/* End PBXBuildFile section */

/* Begin PBXContainerItemProxy section */
		300000000000000000000001 /* PBXContainerItemProxy */ = {
			isa = PBXContainerItemProxy;
			containerPortal = 800000000000000000000001 /* Project object */;
			proxyType = 1;
			remoteGlobalIDString = 700000000000000000000001;
			remoteInfo = CheeTA;
		};
/* End PBXContainerItemProxy section */

/* Begin PBXFileReference section */
		200000000000000000000001 /* CheeTAApp.swift */ = {isa = PBXFileReference; lastKnownFileType = sourcecode.swift; path = CheeTAApp.swift; sourceTree = "<group>"; };
		200000000000000000000002 /* ContentView.swift */ = {isa = PBXFileReference; lastKnownFileType = sourcecode.swift; path = ContentView.swift; sourceTree = "<group>"; };
		200000000000000000000003 /* ChessTypes.swift */ = {isa = PBXFileReference; lastKnownFileType = sourcecode.swift; path = ChessTypes.swift; sourceTree = "<group>"; };
		200000000000000000000004 /* ChessGame.swift */ = {isa = PBXFileReference; lastKnownFileType = sourcecode.swift; path = ChessGame.swift; sourceTree = "<group>"; };
		200000000000000000000005 /* Assets.xcassets */ = {isa = PBXFileReference; lastKnownFileType = folder.assetcatalog; path = Assets.xcassets; sourceTree = "<group>"; };
		200000000000000000000006 /* ChessGameTests.swift */ = {isa = PBXFileReference; lastKnownFileType = sourcecode.swift; path = ChessGameTests.swift; sourceTree = "<group>"; };
		200000000000000000000007 /* CheeTA.app */ = {isa = PBXFileReference; explicitFileType = wrapper.application; includeInIndex = 0; path = CheeTA.app; sourceTree = BUILT_PRODUCTS_DIR; };
		200000000000000000000008 /* CheeTATests.xctest */ = {isa = PBXFileReference; explicitFileType = wrapper.cfbundle; includeInIndex = 0; path = CheeTATests.xctest; sourceTree = BUILT_PRODUCTS_DIR; };
		200000000000000000000009 /* XCTest.framework */ = {isa = PBXFileReference; lastKnownFileType = wrapper.framework; name = XCTest.framework; path = System/Library/Frameworks/XCTest.framework; sourceTree = SDKROOT; };
		200000000000000000000010 /* RealityChessBoardView.swift */ = {isa = PBXFileReference; lastKnownFileType = sourcecode.swift; path = RealityChessBoardView.swift; sourceTree = "<group>"; };
		200000000000000000000011 /* CheckCutSceneView.swift */ = {isa = PBXFileReference; lastKnownFileType = sourcecode.swift; path = CheckCutSceneView.swift; sourceTree = "<group>"; };
		200000000000000000000012 /* FirstCaptureCutSceneView.swift */ = {isa = PBXFileReference; lastKnownFileType = sourcecode.swift; path = FirstCaptureCutSceneView.swift; sourceTree = "<group>"; };
		200000000000000000000013 /* ReplayControls.swift */ = {isa = PBXFileReference; lastKnownFileType = sourcecode.swift; path = ReplayControls.swift; sourceTree = "<group>"; };
		200000000000000000000014 /* CutSceneStyle.swift */ = {isa = PBXFileReference; lastKnownFileType = sourcecode.swift; path = CutSceneStyle.swift; sourceTree = "<group>"; };
		200000000000000000000015 /* QueenDownCutSceneView.swift */ = {isa = PBXFileReference; lastKnownFileType = sourcecode.swift; path = QueenDownCutSceneView.swift; sourceTree = "<group>"; };
		200000000000000000000016 /* CutSceneReel.swift */ = {isa = PBXFileReference; lastKnownFileType = sourcecode.swift; path = CutSceneReel.swift; sourceTree = "<group>"; };
		200000000000000000000017 /* EnPassantCutSceneViews.swift */ = {isa = PBXFileReference; lastKnownFileType = sourcecode.swift; path = EnPassantCutSceneViews.swift; sourceTree = "<group>"; };
		200000000000000000000018 /* GameLibrary.swift */ = {isa = PBXFileReference; lastKnownFileType = sourcecode.swift; path = GameLibrary.swift; sourceTree = "<group>"; };
		200000000000000000000019 /* GameBrowserView.swift */ = {isa = PBXFileReference; lastKnownFileType = sourcecode.swift; path = GameBrowserView.swift; sourceTree = "<group>"; };
		200000000000000000000020 /* PieceGalleryView.swift */ = {isa = PBXFileReference; lastKnownFileType = sourcecode.swift; path = PieceGalleryView.swift; sourceTree = "<group>"; };
		200000000000000000000021 /* ChessPieceMeshes.swift */ = {isa = PBXFileReference; lastKnownFileType = sourcecode.swift; path = ChessPieceMeshes.swift; sourceTree = "<group>"; };
/* End PBXFileReference section */

/* Begin PBXFrameworksBuildPhase section */
		400000000000000000000001 /* Frameworks */ = {
			isa = PBXFrameworksBuildPhase;
			buildActionMask = 2147483647;
			files = (
			);
			runOnlyForDeploymentPostprocessing = 0;
		};
		400000000000000000000002 /* Frameworks */ = {
			isa = PBXFrameworksBuildPhase;
			buildActionMask = 2147483647;
			files = (
				100000000000000000000007 /* XCTest.framework in Frameworks */,
			);
			runOnlyForDeploymentPostprocessing = 0;
		};
/* End PBXFrameworksBuildPhase section */

/* Begin PBXGroup section */
		500000000000000000000001 = {
			isa = PBXGroup;
			children = (
				500000000000000000000002 /* CheeTA */,
				500000000000000000000003 /* CheeTATests */,
				500000000000000000000004 /* Frameworks */,
				500000000000000000000005 /* Products */,
			);
			sourceTree = "<group>";
		};
		500000000000000000000002 /* CheeTA */ = {
			isa = PBXGroup;
			children = (
				200000000000000000000001 /* CheeTAApp.swift */,
				200000000000000000000002 /* ContentView.swift */,
				200000000000000000000003 /* ChessTypes.swift */,
				200000000000000000000004 /* ChessGame.swift */,
				200000000000000000000010 /* RealityChessBoardView.swift */,
				200000000000000000000021 /* ChessPieceMeshes.swift */,
				200000000000000000000011 /* CheckCutSceneView.swift */,
				200000000000000000000012 /* FirstCaptureCutSceneView.swift */,
				200000000000000000000013 /* ReplayControls.swift */,
				200000000000000000000014 /* CutSceneStyle.swift */,
				200000000000000000000015 /* QueenDownCutSceneView.swift */,
				200000000000000000000016 /* CutSceneReel.swift */,
				200000000000000000000017 /* EnPassantCutSceneViews.swift */,
				200000000000000000000019 /* GameBrowserView.swift */,
				200000000000000000000020 /* PieceGalleryView.swift */,
				200000000000000000000018 /* GameLibrary.swift */,
				200000000000000000000005 /* Assets.xcassets */,
			);
			path = CheeTA;
			sourceTree = "<group>";
		};
		500000000000000000000003 /* CheeTATests */ = {
			isa = PBXGroup;
			children = (
				200000000000000000000006 /* ChessGameTests.swift */,
			);
			path = CheeTATests;
			sourceTree = "<group>";
		};
		500000000000000000000004 /* Frameworks */ = {
			isa = PBXGroup;
			children = (
				200000000000000000000009 /* XCTest.framework */,
			);
			name = Frameworks;
			sourceTree = "<group>";
		};
		500000000000000000000005 /* Products */ = {
			isa = PBXGroup;
			children = (
				200000000000000000000007 /* CheeTA.app */,
				200000000000000000000008 /* CheeTATests.xctest */,
			);
			name = Products;
			sourceTree = "<group>";
		};
/* End PBXGroup section */

/* Begin PBXNativeTarget section */
		700000000000000000000001 /* CheeTA */ = {
			isa = PBXNativeTarget;
			buildConfigurationList = 900000000000000000000002 /* Build configuration list for PBXNativeTarget "CheeTA" */;
			buildPhases = (
				600000000000000000000001 /* Sources */,
				400000000000000000000001 /* Frameworks */,
				600000000000000000000002 /* Resources */,
			);
			buildRules = (
			);
			dependencies = (
			);
			name = CheeTA;
			productName = CheeTA;
			productReference = 200000000000000000000007 /* CheeTA.app */;
			productType = "com.apple.product-type.application";
		};
		700000000000000000000002 /* CheeTATests */ = {
			isa = PBXNativeTarget;
			buildConfigurationList = 900000000000000000000003 /* Build configuration list for PBXNativeTarget "CheeTATests" */;
			buildPhases = (
				600000000000000000000003 /* Sources */,
				400000000000000000000002 /* Frameworks */,
				600000000000000000000004 /* Resources */,
			);
			buildRules = (
			);
			dependencies = (
				300000000000000000000002 /* PBXTargetDependency */,
			);
			name = CheeTATests;
			productName = CheeTATests;
			productReference = 200000000000000000000008 /* CheeTATests.xctest */;
			productType = "com.apple.product-type.bundle.unit-test";
		};
/* End PBXNativeTarget section */

/* Begin PBXProject section */
		800000000000000000000001 /* Project object */ = {
			isa = PBXProject;
			attributes = {
				BuildIndependentTargetsInParallel = 1;
				LastSwiftUpdateCheck = 2660;
				LastUpgradeCheck = 2660;
				TargetAttributes = {
					700000000000000000000001 = {
						CreatedOnToolsVersion = 26.6;
					};
					700000000000000000000002 = {
						CreatedOnToolsVersion = 26.6;
						TestTargetID = 700000000000000000000001;
					};
				};
			};
			buildConfigurationList = 900000000000000000000001 /* Build configuration list for PBXProject "CheeTA" */;
			developmentRegion = en;
			hasScannedForEncodings = 0;
			knownRegions = (
				en,
				Base,
			);
			mainGroup = 500000000000000000000001;
			minimizedProjectReferenceProxies = 1;
			preferredProjectObjectVersion = 77;
			productRefGroup = 500000000000000000000005 /* Products */;
			projectDirPath = "";
			projectRoot = "";
			targets = (
				700000000000000000000001 /* CheeTA */,
				700000000000000000000002 /* CheeTATests */,
			);
		};
/* End PBXProject section */

/* Begin PBXResourcesBuildPhase section */
		600000000000000000000002 /* Resources */ = {
			isa = PBXResourcesBuildPhase;
			buildActionMask = 2147483647;
			files = (
				100000000000000000000005 /* Assets.xcassets in Resources */,
			);
			runOnlyForDeploymentPostprocessing = 0;
		};
		600000000000000000000004 /* Resources */ = {
			isa = PBXResourcesBuildPhase;
			buildActionMask = 2147483647;
			files = (
			);
			runOnlyForDeploymentPostprocessing = 0;
		};
/* End PBXResourcesBuildPhase section */

/* Begin PBXSourcesBuildPhase section */
		600000000000000000000001 /* Sources */ = {
			isa = PBXSourcesBuildPhase;
			buildActionMask = 2147483647;
			files = (
				100000000000000000000001 /* CheeTAApp.swift in Sources */,
				100000000000000000000002 /* ContentView.swift in Sources */,
				100000000000000000000003 /* ChessTypes.swift in Sources */,
				100000000000000000000004 /* ChessGame.swift in Sources */,
				100000000000000000000008 /* RealityChessBoardView.swift in Sources */,
				100000000000000000000009 /* CheckCutSceneView.swift in Sources */,
				100000000000000000000010 /* FirstCaptureCutSceneView.swift in Sources */,
				100000000000000000000011 /* ReplayControls.swift in Sources */,
				100000000000000000000012 /* CutSceneStyle.swift in Sources */,
				100000000000000000000013 /* QueenDownCutSceneView.swift in Sources */,
				100000000000000000000014 /* CutSceneReel.swift in Sources */,
				100000000000000000000015 /* EnPassantCutSceneViews.swift in Sources */,
				100000000000000000000016 /* GameLibrary.swift in Sources */,
				100000000000000000000017 /* GameBrowserView.swift in Sources */,
				100000000000000000000018 /* PieceGalleryView.swift in Sources */,
				100000000000000000000019 /* ChessPieceMeshes.swift in Sources */,
			);
			runOnlyForDeploymentPostprocessing = 0;
		};
		600000000000000000000003 /* Sources */ = {
			isa = PBXSourcesBuildPhase;
			buildActionMask = 2147483647;
			files = (
				100000000000000000000006 /* ChessGameTests.swift in Sources */,
			);
			runOnlyForDeploymentPostprocessing = 0;
		};
/* End PBXSourcesBuildPhase section */

/* Begin PBXTargetDependency section */
		300000000000000000000002 /* PBXTargetDependency */ = {
			isa = PBXTargetDependency;
			target = 700000000000000000000001 /* CheeTA */;
			targetProxy = 300000000000000000000001 /* PBXContainerItemProxy */;
		};
/* End PBXTargetDependency section */

/* Begin XCBuildConfiguration section */
		A00000000000000000000001 /* Debug */ = {
			isa = XCBuildConfiguration;
			buildSettings = {
				ALWAYS_SEARCH_USER_PATHS = NO;
				CLANG_ANALYZER_NONNULL = YES;
				CLANG_ANALYZER_NUMBER_OBJECT_CONVERSION = YES_AGGRESSIVE;
				CLANG_CXX_LANGUAGE_STANDARD = "gnu++20";
				CLANG_ENABLE_MODULES = YES;
				CLANG_ENABLE_OBJC_ARC = YES;
				CLANG_ENABLE_OBJC_WEAK = YES;
				CLANG_WARN_BLOCK_CAPTURE_AUTORELEASING = YES;
				CLANG_WARN_BOOL_CONVERSION = YES;
				CLANG_WARN_COMMA = YES;
				CLANG_WARN_CONSTANT_CONVERSION = YES;
				CLANG_WARN_DEPRECATED_OBJC_IMPLEMENTATIONS = YES;
				CLANG_WARN_DIRECT_OBJC_ISA_USAGE = YES_ERROR;
				CLANG_WARN_DOCUMENTATION_COMMENTS = YES;
				CLANG_WARN_EMPTY_BODY = YES;
				CLANG_WARN_ENUM_CONVERSION = YES;
				CLANG_WARN_INFINITE_RECURSION = YES;
				CLANG_WARN_INT_CONVERSION = YES;
				CLANG_WARN_NON_LITERAL_NULL_CONVERSION = YES;
				CLANG_WARN_OBJC_IMPLICIT_RETAIN_SELF = YES;
				CLANG_WARN_OBJC_LITERAL_CONVERSION = YES;
				CLANG_WARN_OBJC_ROOT_CLASS = YES_ERROR;
				CLANG_WARN_QUOTED_INCLUDE_IN_FRAMEWORK_HEADER = YES;
				CLANG_WARN_RANGE_LOOP_ANALYSIS = YES;
				CLANG_WARN_STRICT_PROTOTYPES = YES;
				CLANG_WARN_SUSPICIOUS_MOVE = YES;
				CLANG_WARN_UNGUARDED_AVAILABILITY = YES_AGGRESSIVE;
				CLANG_WARN_UNREACHABLE_CODE = YES;
				CLANG_WARN__DUPLICATE_METHOD_MATCH = YES;
				COPY_PHASE_STRIP = NO;
				DEBUG_INFORMATION_FORMAT = dwarf;
				ENABLE_STRICT_OBJC_MSGSEND = YES;
				ENABLE_TESTABILITY = YES;
				ENABLE_USER_SCRIPT_SANDBOXING = YES;
				GCC_C_LANGUAGE_STANDARD = gnu17;
				GCC_DYNAMIC_NO_PIC = NO;
				GCC_NO_COMMON_BLOCKS = YES;
				GCC_OPTIMIZATION_LEVEL = 0;
				GCC_PREPROCESSOR_DEFINITIONS = (
					"DEBUG=1",
					"$(inherited)",
				);
				GCC_WARN_64_TO_32_BIT_CONVERSION = YES;
				GCC_WARN_ABOUT_RETURN_TYPE = YES_ERROR;
				GCC_WARN_UNDECLARED_SELECTOR = YES;
				GCC_WARN_UNINITIALIZED_AUTOS = YES_AGGRESSIVE;
				GCC_WARN_UNUSED_FUNCTION = YES;
				GCC_WARN_UNUSED_VARIABLE = YES;
				IPHONEOS_DEPLOYMENT_TARGET = 18.0;
				LOCALIZATION_PREFERS_STRING_CATALOGS = YES;
				MTL_ENABLE_DEBUG_INFO = INCLUDE_SOURCE;
				MTL_FAST_MATH = YES;
				ONLY_ACTIVE_ARCH = YES;
				SDKROOT = iphoneos;
				SWIFT_ACTIVE_COMPILATION_CONDITIONS = "DEBUG $(inherited)";
				SWIFT_OPTIMIZATION_LEVEL = "-Onone";
			};
			name = Debug;
		};
		A00000000000000000000002 /* Release */ = {
			isa = XCBuildConfiguration;
			buildSettings = {
				ALWAYS_SEARCH_USER_PATHS = NO;
				CLANG_ANALYZER_NONNULL = YES;
				CLANG_ANALYZER_NUMBER_OBJECT_CONVERSION = YES_AGGRESSIVE;
				CLANG_CXX_LANGUAGE_STANDARD = "gnu++20";
				CLANG_ENABLE_MODULES = YES;
				CLANG_ENABLE_OBJC_ARC = YES;
				CLANG_ENABLE_OBJC_WEAK = YES;
				CLANG_WARN_BLOCK_CAPTURE_AUTORELEASING = YES;
				CLANG_WARN_BOOL_CONVERSION = YES;
				CLANG_WARN_COMMA = YES;
				CLANG_WARN_CONSTANT_CONVERSION = YES;
				CLANG_WARN_DEPRECATED_OBJC_IMPLEMENTATIONS = YES;
				CLANG_WARN_DIRECT_OBJC_ISA_USAGE = YES_ERROR;
				CLANG_WARN_DOCUMENTATION_COMMENTS = YES;
				CLANG_WARN_EMPTY_BODY = YES;
				CLANG_WARN_ENUM_CONVERSION = YES;
				CLANG_WARN_INFINITE_RECURSION = YES;
				CLANG_WARN_INT_CONVERSION = YES;
				CLANG_WARN_NON_LITERAL_NULL_CONVERSION = YES;
				CLANG_WARN_OBJC_IMPLICIT_RETAIN_SELF = YES;
				CLANG_WARN_OBJC_LITERAL_CONVERSION = YES;
				CLANG_WARN_OBJC_ROOT_CLASS = YES_ERROR;
				CLANG_WARN_QUOTED_INCLUDE_IN_FRAMEWORK_HEADER = YES;
				CLANG_WARN_RANGE_LOOP_ANALYSIS = YES;
				CLANG_WARN_STRICT_PROTOTYPES = YES;
				CLANG_WARN_SUSPICIOUS_MOVE = YES;
				CLANG_WARN_UNGUARDED_AVAILABILITY = YES_AGGRESSIVE;
				CLANG_WARN_UNREACHABLE_CODE = YES;
				CLANG_WARN__DUPLICATE_METHOD_MATCH = YES;
				COPY_PHASE_STRIP = NO;
				DEBUG_INFORMATION_FORMAT = "dwarf-with-dsym";
				ENABLE_NS_ASSERTIONS = NO;
				ENABLE_STRICT_OBJC_MSGSEND = YES;
				ENABLE_USER_SCRIPT_SANDBOXING = YES;
				GCC_C_LANGUAGE_STANDARD = gnu17;
				GCC_NO_COMMON_BLOCKS = YES;
				GCC_WARN_64_TO_32_BIT_CONVERSION = YES;
				GCC_WARN_ABOUT_RETURN_TYPE = YES_ERROR;
				GCC_WARN_UNDECLARED_SELECTOR = YES;
				GCC_WARN_UNINITIALIZED_AUTOS = YES_AGGRESSIVE;
				GCC_WARN_UNUSED_FUNCTION = YES;
				GCC_WARN_UNUSED_VARIABLE = YES;
				IPHONEOS_DEPLOYMENT_TARGET = 18.0;
				LOCALIZATION_PREFERS_STRING_CATALOGS = YES;
				MTL_ENABLE_DEBUG_INFO = NO;
				MTL_FAST_MATH = YES;
				SDKROOT = iphoneos;
				SWIFT_COMPILATION_MODE = wholemodule;
				VALIDATE_PRODUCT = YES;
			};
			name = Release;
		};
		A00000000000000000000003 /* Debug */ = {
			isa = XCBuildConfiguration;
			buildSettings = {
				ASSETCATALOG_COMPILER_APPICON_NAME = AppIcon;
				ASSETCATALOG_COMPILER_GLOBAL_ACCENT_COLOR_NAME = AccentColor;
				CODE_SIGN_STYLE = Automatic;
				CURRENT_PROJECT_VERSION = 1;
				DEVELOPMENT_ASSET_PATHS = "";
				DEVELOPMENT_TEAM = C7FJS9SLNW;
				GENERATE_INFOPLIST_FILE = YES;
				INFOPLIST_KEY_CFBundleDisplayName = CheeTA;
				INFOPLIST_KEY_LSApplicationCategoryType = "public.app-category.board-games";
				INFOPLIST_KEY_UIApplicationSceneManifest_Generation = YES;
				INFOPLIST_KEY_UIApplicationSupportsIndirectInputEvents = YES;
				INFOPLIST_KEY_UILaunchScreen_Generation = YES;
				INFOPLIST_KEY_UISupportedInterfaceOrientations_iPad = "UIInterfaceOrientationPortrait UIInterfaceOrientationPortraitUpsideDown UIInterfaceOrientationLandscapeLeft UIInterfaceOrientationLandscapeRight";
				IPHONEOS_DEPLOYMENT_TARGET = 18.0;
				MARKETING_VERSION = 1.0;
				PRODUCT_BUNDLE_IDENTIFIER = com.michaelschwab.CheeTA;
				PRODUCT_NAME = "$(TARGET_NAME)";
				SUPPORTED_PLATFORMS = "iphoneos iphonesimulator";
				SUPPORTS_MACCATALYST = NO;
				SWIFT_EMIT_LOC_STRINGS = YES;
				SWIFT_VERSION = 6.0;
				TARGETED_DEVICE_FAMILY = 2;
			};
			name = Debug;
		};
		A00000000000000000000004 /* Release */ = {
			isa = XCBuildConfiguration;
			buildSettings = {
				ASSETCATALOG_COMPILER_APPICON_NAME = AppIcon;
				ASSETCATALOG_COMPILER_GLOBAL_ACCENT_COLOR_NAME = AccentColor;
				CODE_SIGN_STYLE = Automatic;
				CURRENT_PROJECT_VERSION = 1;
				DEVELOPMENT_ASSET_PATHS = "";
				DEVELOPMENT_TEAM = C7FJS9SLNW;
				GENERATE_INFOPLIST_FILE = YES;
				INFOPLIST_KEY_CFBundleDisplayName = CheeTA;
				INFOPLIST_KEY_LSApplicationCategoryType = "public.app-category.board-games";
				INFOPLIST_KEY_UIApplicationSceneManifest_Generation = YES;
				INFOPLIST_KEY_UIApplicationSupportsIndirectInputEvents = YES;
				INFOPLIST_KEY_UILaunchScreen_Generation = YES;
				INFOPLIST_KEY_UISupportedInterfaceOrientations_iPad = "UIInterfaceOrientationPortrait UIInterfaceOrientationPortraitUpsideDown UIInterfaceOrientationLandscapeLeft UIInterfaceOrientationLandscapeRight";
				IPHONEOS_DEPLOYMENT_TARGET = 18.0;
				MARKETING_VERSION = 1.0;
				PRODUCT_BUNDLE_IDENTIFIER = com.michaelschwab.CheeTA;
				PRODUCT_NAME = "$(TARGET_NAME)";
				SUPPORTED_PLATFORMS = "iphoneos iphonesimulator";
				SUPPORTS_MACCATALYST = NO;
				SWIFT_EMIT_LOC_STRINGS = YES;
				SWIFT_VERSION = 6.0;
				TARGETED_DEVICE_FAMILY = 2;
			};
			name = Release;
		};
		A00000000000000000000005 /* Debug */ = {
			isa = XCBuildConfiguration;
			buildSettings = {
				BUNDLE_LOADER = "$(TEST_HOST)";
				CODE_SIGN_STYLE = Automatic;
				CURRENT_PROJECT_VERSION = 1;
				GENERATE_INFOPLIST_FILE = YES;
				IPHONEOS_DEPLOYMENT_TARGET = 18.0;
				MARKETING_VERSION = 1.0;
				PRODUCT_BUNDLE_IDENTIFIER = com.michaelschwab.CheeTATests;
				PRODUCT_NAME = "$(TARGET_NAME)";
				SUPPORTED_PLATFORMS = "iphoneos iphonesimulator";
				SWIFT_EMIT_LOC_STRINGS = NO;
				SWIFT_VERSION = 6.0;
				TARGETED_DEVICE_FAMILY = 2;
				TEST_HOST = "$(BUILT_PRODUCTS_DIR)/CheeTA.app/$(BUNDLE_EXECUTABLE_FOLDER_PATH)/CheeTA";
			};
			name = Debug;
		};
		A00000000000000000000006 /* Release */ = {
			isa = XCBuildConfiguration;
			buildSettings = {
				BUNDLE_LOADER = "$(TEST_HOST)";
				CODE_SIGN_STYLE = Automatic;
				CURRENT_PROJECT_VERSION = 1;
				GENERATE_INFOPLIST_FILE = YES;
				IPHONEOS_DEPLOYMENT_TARGET = 18.0;
				MARKETING_VERSION = 1.0;
				PRODUCT_BUNDLE_IDENTIFIER = com.michaelschwab.CheeTATests;
				PRODUCT_NAME = "$(TARGET_NAME)";
				SUPPORTED_PLATFORMS = "iphoneos iphonesimulator";
				SWIFT_EMIT_LOC_STRINGS = NO;
				SWIFT_VERSION = 6.0;
				TARGETED_DEVICE_FAMILY = 2;
				TEST_HOST = "$(BUILT_PRODUCTS_DIR)/CheeTA.app/$(BUNDLE_EXECUTABLE_FOLDER_PATH)/CheeTA";
			};
			name = Release;
		};
/* End XCBuildConfiguration section */

/* Begin XCConfigurationList section */
		900000000000000000000001 /* Build configuration list for PBXProject "CheeTA" */ = {
			isa = XCConfigurationList;
			buildConfigurations = (
				A00000000000000000000001 /* Debug */,
				A00000000000000000000002 /* Release */,
			);
			defaultConfigurationIsVisible = 0;
			defaultConfigurationName = Release;
		};
		900000000000000000000002 /* Build configuration list for PBXNativeTarget "CheeTA" */ = {
			isa = XCConfigurationList;
			buildConfigurations = (
				A00000000000000000000003 /* Debug */,
				A00000000000000000000004 /* Release */,
			);
			defaultConfigurationIsVisible = 0;
			defaultConfigurationName = Release;
		};
		900000000000000000000003 /* Build configuration list for PBXNativeTarget "CheeTATests" */ = {
			isa = XCConfigurationList;
			buildConfigurations = (
				A00000000000000000000005 /* Debug */,
				A00000000000000000000006 /* Release */,
			);
			defaultConfigurationIsVisible = 0;
			defaultConfigurationName = Release;
		};
/* End XCConfigurationList section */
	};
	rootObject = 800000000000000000000001 /* Project object */;
}
